
Microsoft Visual Studio Solution File, Format Version 12.00
# Visual Studio Version 17
VisualStudioVersion = 17.2.32526.322
MinimumVisualStudioVersion = 10.0.40219.1
Project("{9A19103F-16F7-4668-BE54-9A1E7A4F7556}") = "BethanysPieShopHRM.App", "BethanysPieShopHRM.App\BethanysPieShopHRM.App.csproj", "{A76AFFBA-09A2-48BA-A2D6-B7B81936EF3A}"
EndProject
Project("{9A19103F-16F7-4668-BE54-9A1E7A4F7556}") = "BethanysPieShopHRM.Shared", "BethanysPieShopHRM.Shared\BethanysPieShopHRM.Shared.csproj", "{7B43C82D-18D3-488D-8935-2F2950886FBD}"
EndProject
Project("{9A19103F-16F7-4668-BE54-9A1E7A4F7556}") = "BethanysPieShopHRM.Api", "BethanysPieShopHRM.Api\BethanysPieShopHRM.Api.csproj", "{448D0EDE-2872-4D05-8C08-8FFF4CACD5AB}"
EndProject
Project("{9A19103F-16F7-4668-BE54-9A1E7A4F7556}") = "BethanysPieShopHRM.ComponentsLibrary", "BethanysPieShopHRM.ComponentsLibrary\BethanysPieShopHRM.ComponentsLibrary.csproj", "{9504AAED-6D95-42E8-9D09-6796AC7FA6D0}"
EndProject
Global
	GlobalSection(SolutionConfigurationPlatforms) = preSolution
		Debug|Any CPU = Debug|Any CPU
		Release|Any CPU = Release|Any CPU
	EndGlobalSection
	GlobalSection(ProjectConfigurationPlatforms) = postSolution
		{A76AFFBA-09A2-48BA-A2D6-B7B81936EF3A}.Debug|Any CPU.ActiveCfg = Debug|Any CPU
		{A76AFFBA-09A2-48BA-A2D6-B7B81936EF3A}.Debug|Any CPU.Build.0 = Debug|Any CPU
		{A76AFFBA-09A2-48BA-A2D6-B7B81936EF3A}.Release|Any CPU.ActiveCfg = Release|Any CPU
		{A76AFFBA-09A2-48BA-A2D6-B7B81936EF3A}.Release|Any CPU.Build.0 = Release|Any CPU
		{7B43C82D-18D3-488D-8935-2F2950886FBD}.Debug|Any CPU.ActiveCfg = Debug|Any CPU
		{7B43C82D-18D3-488D-8935-2F2950886FBD}.Debug|Any CPU.Build.0 = Debug|Any CPU
		{7B43C82D-18D3-488D-8935-2F2950886FBD}.Release|Any CPU.ActiveCfg = Release|Any CPU
		{7B43C82D-18D3-488D-8935-2F2950886FBD}.Release|Any CPU.Build.0 = Release|Any CPU
		{448D0EDE-2872-4D05-8C08-8FFF4CACD5AB}.Debug|Any CPU.ActiveCfg = Debug|Any CPU
		{448D0EDE-2872-4D05-8C08-8FFF4CACD5AB}.Debug|Any CPU.Build.0 = Debug|Any CPU
		{448D0EDE-2872-4D05-8C08-8FFF4CACD5AB}.Release|Any CPU.ActiveCfg = Release|Any CPU
		{448D0EDE-2872-4D05-8C08-8FFF4CACD5AB}.Release|Any CPU.Build.0 = Release|Any CPU
		{9504AAED-6D95-42E8-9D09-6796AC7FA6D0}.Debug|Any CPU.ActiveCfg = Debug|Any CPU
		{9504AAED-6D95-42E8-9D09-6796AC7FA6D0}.Debug|Any CPU.Build.0 = Debug|Any CPU
		{9504AAED-6D95-42E8-9D09-6796AC7FA6D0}.Release|Any CPU.ActiveCfg = Release|Any CPU
		{9504AAED-6D95-42E8-9D09-6796AC7FA6D0}.Release|Any CPU.Build.0 = Release|Any CPU
	EndGlobalSection
	GlobalSection(SolutionProperties) = preSolution
		HideSolutionNode = FALSE
	EndGlobalSection
	GlobalSection(ExtensibilityGlobals) = postSolution
		SolutionGuid = {24C0ADCD-630C-4E45-B676-7022F4E87400}
	EndGlobalSection
EndGlobal
