
Microsoft Visual Studio Solution File, Format Version 12.00
# Visual Studio Version 17
VisualStudioVersion = 17.3.32804.467
MinimumVisualStudioVersion = 10.0.40219.1
Project("{9A19103F-16F7-4668-BE54-9A1E7A4F7556}") = "BethanysPieShopHRM.App", "BethanysPieShopHRM.App\BethanysPieShopHRM.App.csproj", "{28FE47D1-B27A-4F27-9870-2869C0345EDF}"
EndProject
Project("{9A19103F-16F7-4668-BE54-9A1E7A4F7556}") = "BethanysPieShopHRM.Shared", "BethanysPieShopHRM.Shared\BethanysPieShopHRM.Shared.csproj", "{95E131F3-BA89-4D4D-9B37-00E4F946BF60}"
EndProject
Project("{9A19103F-16F7-4668-BE54-9A1E7A4F7556}") = "BethanysPieShopHRM.Api", "BethanysPieShopHRM.Api\BethanysPieShopHRM.Api.csproj", "{8219839C-7619-4A84-B1D1-989A6360729F}"
EndProject
Global
	GlobalSection(SolutionConfigurationPlatforms) = preSolution
		Debug|Any CPU = Debug|Any CPU
		Release|Any CPU = Release|Any CPU
	EndGlobalSection
	GlobalSection(ProjectConfigurationPlatforms) = postSolution
		{28FE47D1-B27A-4F27-9870-2869C0345EDF}.Debug|Any CPU.ActiveCfg = Debug|Any CPU
		{28FE47D1-B27A-4F27-9870-2869C0345EDF}.Debug|Any CPU.Build.0 = Debug|Any CPU
		{28FE47D1-B27A-4F27-9870-2869C0345EDF}.Release|Any CPU.ActiveCfg = Release|Any CPU
		{28FE47D1-B27A-4F27-9870-2869C0345EDF}.Release|Any CPU.Build.0 = Release|Any CPU
		{95E131F3-BA89-4D4D-9B37-00E4F946BF60}.Debug|Any CPU.ActiveCfg = Debug|Any CPU
		{95E131F3-BA89-4D4D-9B37-00E4F946BF60}.Debug|Any CPU.Build.0 = Debug|Any CPU
		{95E131F3-BA89-4D4D-9B37-00E4F946BF60}.Release|Any CPU.ActiveCfg = Release|Any CPU
		{95E131F3-BA89-4D4D-9B37-00E4F946BF60}.Release|Any CPU.Build.0 = Release|Any CPU
		{8219839C-7619-4A84-B1D1-989A6360729F}.Debug|Any CPU.ActiveCfg = Debug|Any CPU
		{8219839C-7619-4A84-B1D1-989A6360729F}.Debug|Any CPU.Build.0 = Debug|Any CPU
		{8219839C-7619-4A84-B1D1-989A6360729F}.Release|Any CPU.ActiveCfg = Release|Any CPU
		{8219839C-7619-4A84-B1D1-989A6360729F}.Release|Any CPU.Build.0 = Release|Any CPU
	EndGlobalSection
	GlobalSection(SolutionProperties) = preSolution
		HideSolutionNode = FALSE
	EndGlobalSection
	GlobalSection(ExtensibilityGlobals) = postSolution
		SolutionGuid = {A8FCB267-865B-498B-88E3-5BED417ED978}
	EndGlobalSection
EndGlobal
